
Microsoft Visual Studio Solution File, Format Version 12.00
# Visual Studio 14
VisualStudioVersion = 14.0.25420.1
MinimumVisualStudioVersion = 10.0.40219.1
Project("{FAE04EC0-301F-11D3-BF4B-00C04F79EFBC}") = "GameStop.Web", "GameStop.Web\GameStop.Web.csproj", "{D192A7E1-165B-4605-B57C-782FF7114186}"
EndProject
Project("{FAE04EC0-301F-11D3-BF4B-00C04F79EFBC}") = "GameStop.WebAdmin", "GameStop.WebAdmin\GameStop.WebAdmin.csproj", "{66E39677-96AA-4794-9E04-9F6B9C57D5AB}"
EndProject
Project("{FAE04EC0-301F-11D3-BF4B-00C04F79EFBC}") = "GameStop.Win", "GameStop.Win\GameStop.Win.csproj", "{3096783C-D3A9-48C7-91A0-25751725B2A6}"
EndProject
Project("{FAE04EC0-301F-11D3-BF4B-00C04F79EFBC}") = "GameStop.BL", "GameStop.BL\GameStop.BL.csproj", "{B9ED3C00-4120-418E-BCDE-949CC19B74A2}"
EndProject
Global
	GlobalSection(SolutionConfigurationPlatforms) = preSolution
		Debug|Any CPU = Debug|Any CPU
		Release|Any CPU = Release|Any CPU
	EndGlobalSection
	GlobalSection(ProjectConfigurationPlatforms) = postSolution
		{D192A7E1-165B-4605-B57C-782FF7114186}.Debug|Any CPU.ActiveCfg = Debug|Any CPU
		{D192A7E1-165B-4605-B57C-782FF7114186}.Debug|Any CPU.Build.0 = Debug|Any CPU
		{D192A7E1-165B-4605-B57C-782FF7114186}.Release|Any CPU.ActiveCfg = Release|Any CPU
		{D192A7E1-165B-4605-B57C-782FF7114186}.Release|Any CPU.Build.0 = Release|Any CPU
		{66E39677-96AA-4794-9E04-9F6B9C57D5AB}.Debug|Any CPU.ActiveCfg = Debug|Any CPU
		{66E39677-96AA-4794-9E04-9F6B9C57D5AB}.Debug|Any CPU.Build.0 = Debug|Any CPU
		{66E39677-96AA-4794-9E04-9F6B9C57D5AB}.Release|Any CPU.ActiveCfg = Release|Any CPU
		{66E39677-96AA-4794-9E04-9F6B9C57D5AB}.Release|Any CPU.Build.0 = Release|Any CPU
		{3096783C-D3A9-48C7-91A0-25751725B2A6}.Debug|Any CPU.ActiveCfg = Debug|Any CPU
		{3096783C-D3A9-48C7-91A0-25751725B2A6}.Debug|Any CPU.Build.0 = Debug|Any CPU
		{3096783C-D3A9-48C7-91A0-25751725B2A6}.Release|Any CPU.ActiveCfg = Release|Any CPU
		{3096783C-D3A9-48C7-91A0-25751725B2A6}.Release|Any CPU.Build.0 = Release|Any CPU
		{B9ED3C00-4120-418E-BCDE-949CC19B74A2}.Debug|Any CPU.ActiveCfg = Debug|Any CPU
		{B9ED3C00-4120-418E-BCDE-949CC19B74A2}.Debug|Any CPU.Build.0 = Debug|Any CPU
		{B9ED3C00-4120-418E-BCDE-949CC19B74A2}.Release|Any CPU.ActiveCfg = Release|Any CPU
		{B9ED3C00-4120-418E-BCDE-949CC19B74A2}.Release|Any CPU.Build.0 = Release|Any CPU
	EndGlobalSection
	GlobalSection(SolutionProperties) = preSolution
		HideSolutionNode = FALSE
	EndGlobalSection
EndGlobal
